
Microsoft Visual Studio Solution File, Format Version 12.00
# Visual Studio Version 17
VisualStudioVersion = 17.2.32519.379
MinimumVisualStudioVersion = 10.0.40219.1
Project("{FAE04EC0-301F-11D3-BF4B-00C04F79EFBC}") = "Demo", "Demo\Demo.csproj", "{0D330AF6-7F43-48EC-BD03-C1D3E432BB29}"
EndProject
Global
	GlobalSection(SolutionConfigurationPlatforms) = preSolution
		Debug|Any CPU = Debug|Any CPU
		Release|Any CPU = Release|Any CPU
	EndGlobalSection
	GlobalSection(ProjectConfigurationPlatforms) = postSolution
		{0D330AF6-7F43-48EC-BD03-C1D3E432BB29}.Debug|Any CPU.ActiveCfg = Debug|Any CPU
		{0D330AF6-7F43-48EC-BD03-C1D3E432BB29}.Debug|Any CPU.Build.0 = Debug|Any CPU
		{0D330AF6-7F43-48EC-BD03-C1D3E432BB29}.Release|Any CPU.ActiveCfg = Release|Any CPU
		{0D330AF6-7F43-48EC-BD03-C1D3E432BB29}.Release|Any CPU.Build.0 = Release|Any CPU
	EndGlobalSection
	GlobalSection(SolutionProperties) = preSolution
		HideSolutionNode = FALSE
	EndGlobalSection
	GlobalSection(ExtensibilityGlobals) = postSolution
		SolutionGuid = {98E16F7B-8FBC-4968-B82C-AACF85F6C287}
	EndGlobalSection
EndGlobal
